// !$*UTF8*$!
{
	archiveVersion = 1;
	classes = {
	};
	objectVersion = 48;
	objects = {

/* Begin PBXBuildFile section */
		C997E9711F9BBD2B00AA60F0 /* main.swift in Sources */ = {isa = PBXBuildFile; fileRef = C997E9701F9BBD2B00AA60F0 /* main.swift */; };
		C997E9781F9C06CE00AA60F0 /* Platforms.swift in Sources */ = {isa = PBXBuildFile; fileRef = C997E9771F9C06CE00AA60F0 /* Platforms.swift */; };
		C997E97A1F9C06DA00AA60F0 /* Games.swift in Sources */ = {isa = PBXBuildFile; fileRef = C997E9791F9C06DA00AA60F0 /* Games.swift */; };
		C997E97C1F9C0BE400AA60F0 /* helpers.swift in Sources */ = {isa = PBXBuildFile; fileRef = C997E97B1F9C0BE400AA60F0 /* helpers.swift */; };
		C997E97E1F9C1E2F00AA60F0 /* Companies.swift in Sources */ = {isa = PBXBuildFile; fileRef = C997E97D1F9C1E2F00AA60F0 /* Companies.swift */; };
		C997E9801F9D392B00AA60F0 /* Characters.swift in Sources */ = {isa = PBXBuildFile; fileRef = C997E97F1F9D392B00AA60F0 /* Characters.swift */; };
/* End PBXBuildFile section */

/* Begin PBXCopyFilesBuildPhase section */
		C997E96B1F9BBD2B00AA60F0 /* CopyFiles */ = {
			isa = PBXCopyFilesBuildPhase;
			buildActionMask = 2147483647;
			dstPath = /usr/share/man/man1/;
			dstSubfolderSpec = 0;
			files = (
			);
			runOnlyForDeploymentPostprocessing = 1;
		};
/* End PBXCopyFilesBuildPhase section */

/* Begin PBXFileReference section */
		C997E96D1F9BBD2B00AA60F0 /* GamingDBScraper */ = {isa = PBXFileReference; explicitFileType = "compiled.mach-o.executable"; includeInIndex = 0; path = GamingDBScraper; sourceTree = BUILT_PRODUCTS_DIR; };
		C997E9701F9BBD2B00AA60F0 /* main.swift */ = {isa = PBXFileReference; lastKnownFileType = sourcecode.swift; path = main.swift; sourceTree = "<group>"; };
		C997E9771F9C06CE00AA60F0 /* Platforms.swift */ = {isa = PBXFileReference; lastKnownFileType = sourcecode.swift; path = Platforms.swift; sourceTree = "<group>"; };
		C997E9791F9C06DA00AA60F0 /* Games.swift */ = {isa = PBXFileReference; lastKnownFileType = sourcecode.swift; path = Games.swift; sourceTree = "<group>"; };
		C997E97B1F9C0BE400AA60F0 /* helpers.swift */ = {isa = PBXFileReference; lastKnownFileType = sourcecode.swift; path = helpers.swift; sourceTree = "<group>"; };
		C997E97D1F9C1E2F00AA60F0 /* Companies.swift */ = {isa = PBXFileReference; lastKnownFileType = sourcecode.swift; path = Companies.swift; sourceTree = "<group>"; };
		C997E97F1F9D392B00AA60F0 /* Characters.swift */ = {isa = PBXFileReference; lastKnownFileType = sourcecode.swift; path = Characters.swift; sourceTree = "<group>"; };
/* End PBXFileReference section */

/* Begin PBXFrameworksBuildPhase section */
		C997E96A1F9BBD2B00AA60F0 /* Frameworks */ = {
			isa = PBXFrameworksBuildPhase;
			buildActionMask = 2147483647;
			files = (
			);
			runOnlyForDeploymentPostprocessing = 0;
		};
/* End PBXFrameworksBuildPhase section */

/* Begin PBXGroup section */
		C997E9641F9BBD2A00AA60F0 = {
			isa = PBXGroup;
			children = (
				C997E96F1F9BBD2B00AA60F0 /* GamingDBScraper */,
				C997E96E1F9BBD2B00AA60F0 /* Products */,
			);
			sourceTree = "<group>";
		};
		C997E96E1F9BBD2B00AA60F0 /* Products */ = {
			isa = PBXGroup;
			children = (
				C997E96D1F9BBD2B00AA60F0 /* GamingDBScraper */,
			);
			name = Products;
			sourceTree = "<group>";
		};
		C997E96F1F9BBD2B00AA60F0 /* GamingDBScraper */ = {
			isa = PBXGroup;
			children = (
				C997E9701F9BBD2B00AA60F0 /* main.swift */,
				C997E9771F9C06CE00AA60F0 /* Platforms.swift */,
				C997E9791F9C06DA00AA60F0 /* Games.swift */,
				C997E97B1F9C0BE400AA60F0 /* helpers.swift */,
				C997E97D1F9C1E2F00AA60F0 /* Companies.swift */,
				C997E97F1F9D392B00AA60F0 /* Characters.swift */,
			);
			path = GamingDBScraper;
			sourceTree = "<group>";
		};
/* End PBXGroup section */

/* Begin PBXNativeTarget section */
		C997E96C1F9BBD2B00AA60F0 /* GamingDBScraper */ = {
			isa = PBXNativeTarget;
			buildConfigurationList = C997E9741F9BBD2B00AA60F0 /* Build configuration list for PBXNativeTarget "GamingDBScraper" */;
			buildPhases = (
				C997E9691F9BBD2B00AA60F0 /* Sources */,
				C997E96A1F9BBD2B00AA60F0 /* Frameworks */,
				C997E96B1F9BBD2B00AA60F0 /* CopyFiles */,
			);
			buildRules = (
			);
			dependencies = (
			);
			name = GamingDBScraper;
			productName = GamingDBScraper;
			productReference = C997E96D1F9BBD2B00AA60F0 /* GamingDBScraper */;
			productType = "com.apple.product-type.tool";
		};
/* End PBXNativeTarget section */

/* Begin PBXProject section */
		C997E9651F9BBD2A00AA60F0 /* Project object */ = {
			isa = PBXProject;
			attributes = {
				LastSwiftUpdateCheck = 0900;
				LastUpgradeCheck = 0900;
				ORGANIZATIONNAME = MattRuston;
				TargetAttributes = {
					C997E96C1F9BBD2B00AA60F0 = {
						CreatedOnToolsVersion = 9.0;
						ProvisioningStyle = Automatic;
					};
				};
			};
			buildConfigurationList = C997E9681F9BBD2A00AA60F0 /* Build configuration list for PBXProject "GamingDBScraper" */;
			compatibilityVersion = "Xcode 8.0";
			developmentRegion = en;
			hasScannedForEncodings = 0;
			knownRegions = (
				en,
			);
			mainGroup = C997E9641F9BBD2A00AA60F0;
			productRefGroup = C997E96E1F9BBD2B00AA60F0 /* Products */;
			projectDirPath = "";
			projectRoot = "";
			targets = (
				C997E96C1F9BBD2B00AA60F0 /* GamingDBScraper */,
			);
		};
/* End PBXProject section */

/* Begin PBXSourcesBuildPhase section */
		C997E9691F9BBD2B00AA60F0 /* Sources */ = {
			isa = PBXSourcesBuildPhase;
			buildActionMask = 2147483647;
			files = (
				C997E97A1F9C06DA00AA60F0 /* Games.swift in Sources */,
				C997E9801F9D392B00AA60F0 /* Characters.swift in Sources */,
				C997E97E1F9C1E2F00AA60F0 /* Companies.swift in Sources */,
				C997E9781F9C06CE00AA60F0 /* Platforms.swift in Sources */,
				C997E9711F9BBD2B00AA60F0 /* main.swift in Sources */,
				C997E97C1F9C0BE400AA60F0 /* helpers.swift in Sources */,
			);
			runOnlyForDeploymentPostprocessing = 0;
		};
/* End PBXSourcesBuildPhase section */

/* Begin XCBuildConfiguration section */
		C997E9721F9BBD2B00AA60F0 /* Debug */ = {
			isa = XCBuildConfiguration;
			buildSettings = {
				ALWAYS_SEARCH_USER_PATHS = NO;
				CLANG_ANALYZER_NONNULL = YES;
				CLANG_ANALYZER_NUMBER_OBJECT_CONVERSION = YES_AGGRESSIVE;
				CLANG_CXX_LANGUAGE_STANDARD = "gnu++14";
				CLANG_CXX_LIBRARY = "libc++";
				CLANG_ENABLE_MODULES = YES;
				CLANG_ENABLE_OBJC_ARC = YES;
				CLANG_WARN_BLOCK_CAPTURE_AUTORELEASING = YES;
				CLANG_WARN_BOOL_CONVERSION = YES;
				CLANG_WARN_COMMA = YES;
				CLANG_WARN_CONSTANT_CONVERSION = YES;
				CLANG_WARN_DIRECT_OBJC_ISA_USAGE = YES_ERROR;
				CLANG_WARN_DOCUMENTATION_COMMENTS = YES;
				CLANG_WARN_EMPTY_BODY = YES;
				CLANG_WARN_ENUM_CONVERSION = YES;
				CLANG_WARN_INFINITE_RECURSION = YES;
				CLANG_WARN_INT_CONVERSION = YES;
				CLANG_WARN_NON_LITERAL_NULL_CONVERSION = YES;
				CLANG_WARN_OBJC_LITERAL_CONVERSION = YES;
				CLANG_WARN_OBJC_ROOT_CLASS = YES_ERROR;
				CLANG_WARN_RANGE_LOOP_ANALYSIS = YES;
				CLANG_WARN_STRICT_PROTOTYPES = YES;
				CLANG_WARN_SUSPICIOUS_MOVE = YES;
				CLANG_WARN_UNGUARDED_AVAILABILITY = YES_AGGRESSIVE;
				CLANG_WARN_UNREACHABLE_CODE = YES;
				CLANG_WARN__DUPLICATE_METHOD_MATCH = YES;
				CODE_SIGN_IDENTITY = "Mac Developer";
				COPY_PHASE_STRIP = NO;
				DEBUG_INFORMATION_FORMAT = dwarf;
				ENABLE_STRICT_OBJC_MSGSEND = YES;
				ENABLE_TESTABILITY = YES;
				GCC_C_LANGUAGE_STANDARD = gnu11;
				GCC_DYNAMIC_NO_PIC = NO;
				GCC_NO_COMMON_BLOCKS = YES;
				GCC_OPTIMIZATION_LEVEL = 0;
				GCC_PREPROCESSOR_DEFINITIONS = (
					"DEBUG=1",
					"$(inherited)",
				);
				GCC_WARN_64_TO_32_BIT_CONVERSION = YES;
				GCC_WARN_ABOUT_RETURN_TYPE = YES_ERROR;
				GCC_WARN_UNDECLARED_SELECTOR = YES;
				GCC_WARN_UNINITIALIZED_AUTOS = YES_AGGRESSIVE;
				GCC_WARN_UNUSED_FUNCTION = YES;
				GCC_WARN_UNUSED_VARIABLE = YES;
				MACOSX_DEPLOYMENT_TARGET = 10.12;
				MTL_ENABLE_DEBUG_INFO = YES;
				ONLY_ACTIVE_ARCH = YES;
				SDKROOT = macosx;
				SWIFT_ACTIVE_COMPILATION_CONDITIONS = DEBUG;
				SWIFT_OPTIMIZATION_LEVEL = "-Onone";
			};
			name = Debug;
		};
		C997E9731F9BBD2B00AA60F0 /* Release */ = {
			isa = XCBuildConfiguration;
			buildSettings = {
				ALWAYS_SEARCH_USER_PATHS = NO;
				CLANG_ANALYZER_NONNULL = YES;
				CLANG_ANALYZER_NUMBER_OBJECT_CONVERSION = YES_AGGRESSIVE;
				CLANG_CXX_LANGUAGE_STANDARD = "gnu++14";
				CLANG_CXX_LIBRARY = "libc++";
				CLANG_ENABLE_MODULES = YES;
				CLANG_ENABLE_OBJC_ARC = YES;
				CLANG_WARN_BLOCK_CAPTURE_AUTORELEASING = YES;
				CLANG_WARN_BOOL_CONVERSION = YES;
				CLANG_WARN_COMMA = YES;
				CLANG_WARN_CONSTANT_CONVERSION = YES;
				CLANG_WARN_DIRECT_OBJC_ISA_USAGE = YES_ERROR;
				CLANG_WARN_DOCUMENTATION_COMMENTS = YES;
				CLANG_WARN_EMPTY_BODY = YES;
				CLANG_WARN_ENUM_CONVERSION = YES;
				CLANG_WARN_INFINITE_RECURSION = YES;
				CLANG_WARN_INT_CONVERSION = YES;
				CLANG_WARN_NON_LITERAL_NULL_CONVERSION = YES;
				CLANG_WARN_OBJC_LITERAL_CONVERSION = YES;
				CLANG_WARN_OBJC_ROOT_CLASS = YES_ERROR;
				CLANG_WARN_RANGE_LOOP_ANALYSIS = YES;
				CLANG_WARN_STRICT_PROTOTYPES = YES;
				CLANG_WARN_SUSPICIOUS_MOVE = YES;
				CLANG_WARN_UNGUARDED_AVAILABILITY = YES_AGGRESSIVE;
				CLANG_WARN_UNREACHABLE_CODE = YES;
				CLANG_WARN__DUPLICATE_METHOD_MATCH = YES;
				CODE_SIGN_IDENTITY = "Mac Developer";
				COPY_PHASE_STRIP = NO;
				DEBUG_INFORMATION_FORMAT = "dwarf-with-dsym";
				ENABLE_NS_ASSERTIONS = NO;
				ENABLE_STRICT_OBJC_MSGSEND = YES;
				GCC_C_LANGUAGE_STANDARD = gnu11;
				GCC_NO_COMMON_BLOCKS = YES;
				GCC_WARN_64_TO_32_BIT_CONVERSION = YES;
				GCC_WARN_ABOUT_RETURN_TYPE = YES_ERROR;
				GCC_WARN_UNDECLARED_SELECTOR = YES;
				GCC_WARN_UNINITIALIZED_AUTOS = YES_AGGRESSIVE;
				GCC_WARN_UNUSED_FUNCTION = YES;
				GCC_WARN_UNUSED_VARIABLE = YES;
				MACOSX_DEPLOYMENT_TARGET = 10.12;
				MTL_ENABLE_DEBUG_INFO = NO;
				SDKROOT = macosx;
				SWIFT_OPTIMIZATION_LEVEL = "-Owholemodule";
			};
			name = Release;
		};
		C997E9751F9BBD2B00AA60F0 /* Debug */ = {
			isa = XCBuildConfiguration;
			buildSettings = {
				CODE_SIGN_STYLE = Automatic;
				DEVELOPMENT_TEAM = RB2R7U7P8Z;
				PRODUCT_NAME = "$(TARGET_NAME)";
				SWIFT_VERSION = 4.0;
			};
			name = Debug;
		};
		C997E9761F9BBD2B00AA60F0 /* Release */ = {
			isa = XCBuildConfiguration;
			buildSettings = {
				CODE_SIGN_STYLE = Automatic;
				DEVELOPMENT_TEAM = RB2R7U7P8Z;
				PRODUCT_NAME = "$(TARGET_NAME)";
				SWIFT_VERSION = 4.0;
			};
			name = Release;
		};
/* End XCBuildConfiguration section */

/* Begin XCConfigurationList section */
		C997E9681F9BBD2A00AA60F0 /* Build configuration list for PBXProject "GamingDBScraper" */ = {
			isa = XCConfigurationList;
			buildConfigurations = (
				C997E9721F9BBD2B00AA60F0 /* Debug */,
				C997E9731F9BBD2B00AA60F0 /* Release */,
			);
			defaultConfigurationIsVisible = 0;
			defaultConfigurationName = Release;
		};
		C997E9741F9BBD2B00AA60F0 /* Build configuration list for PBXNativeTarget "GamingDBScraper" */ = {
			isa = XCConfigurationList;
			buildConfigurations = (
				C997E9751F9BBD2B00AA60F0 /* Debug */,
				C997E9761F9BBD2B00AA60F0 /* Release */,
			);
			defaultConfigurationIsVisible = 0;
			defaultConfigurationName = Release;
		};
/* End XCConfigurationList section */
	};
	rootObject = C997E9651F9BBD2A00AA60F0 /* Project object */;
}
